
Microsoft Visual Studio Solution File, Format Version 12.00
# Visual Studio 15
VisualStudioVersion = 15.0.26124.0
MinimumVisualStudioVersion = 15.0.26124.0
Project("{F2A71F9B-5D33-465A-A702-920D77279786}") = "HW13", "HW13\HW13.fsproj", "{FB9E3186-7A14-45FC-B1F8-FD2155FC8496}"
EndProject
Project("{F2A71F9B-5D33-465A-A702-920D77279786}") = "HW13.Tests", "HW13.Tests\HW13.Tests.fsproj", "{157E5D14-840A-4255-BF22-453D622495B9}"
EndProject
Global
	GlobalSection(SolutionConfigurationPlatforms) = preSolution
		Debug|Any CPU = Debug|Any CPU
		Debug|x64 = Debug|x64
		Debug|x86 = Debug|x86
		Release|Any CPU = Release|Any CPU
		Release|x64 = Release|x64
		Release|x86 = Release|x86
	EndGlobalSection
	GlobalSection(SolutionProperties) = preSolution
		HideSolutionNode = FALSE
	EndGlobalSection
	GlobalSection(ProjectConfigurationPlatforms) = postSolution
		{FB9E3186-7A14-45FC-B1F8-FD2155FC8496}.Debug|Any CPU.ActiveCfg = Debug|Any CPU
		{FB9E3186-7A14-45FC-B1F8-FD2155FC8496}.Debug|Any CPU.Build.0 = Debug|Any CPU
		{FB9E3186-7A14-45FC-B1F8-FD2155FC8496}.Debug|x64.ActiveCfg = Debug|Any CPU
		{FB9E3186-7A14-45FC-B1F8-FD2155FC8496}.Debug|x64.Build.0 = Debug|Any CPU
		{FB9E3186-7A14-45FC-B1F8-FD2155FC8496}.Debug|x86.ActiveCfg = Debug|Any CPU
		{FB9E3186-7A14-45FC-B1F8-FD2155FC8496}.Debug|x86.Build.0 = Debug|Any CPU
		{FB9E3186-7A14-45FC-B1F8-FD2155FC8496}.Release|Any CPU.ActiveCfg = Release|Any CPU
		{FB9E3186-7A14-45FC-B1F8-FD2155FC8496}.Release|Any CPU.Build.0 = Release|Any CPU
		{FB9E3186-7A14-45FC-B1F8-FD2155FC8496}.Release|x64.ActiveCfg = Release|Any CPU
		{FB9E3186-7A14-45FC-B1F8-FD2155FC8496}.Release|x64.Build.0 = Release|Any CPU
		{FB9E3186-7A14-45FC-B1F8-FD2155FC8496}.Release|x86.ActiveCfg = Release|Any CPU
		{FB9E3186-7A14-45FC-B1F8-FD2155FC8496}.Release|x86.Build.0 = Release|Any CPU
		{157E5D14-840A-4255-BF22-453D622495B9}.Debug|Any CPU.ActiveCfg = Debug|Any CPU
		{157E5D14-840A-4255-BF22-453D622495B9}.Debug|Any CPU.Build.0 = Debug|Any CPU
		{157E5D14-840A-4255-BF22-453D622495B9}.Debug|x64.ActiveCfg = Debug|Any CPU
		{157E5D14-840A-4255-BF22-453D622495B9}.Debug|x64.Build.0 = Debug|Any CPU
		{157E5D14-840A-4255-BF22-453D622495B9}.Debug|x86.ActiveCfg = Debug|Any CPU
		{157E5D14-840A-4255-BF22-453D622495B9}.Debug|x86.Build.0 = Debug|Any CPU
		{157E5D14-840A-4255-BF22-453D622495B9}.Release|Any CPU.ActiveCfg = Release|Any CPU
		{157E5D14-840A-4255-BF22-453D622495B9}.Release|Any CPU.Build.0 = Release|Any CPU
		{157E5D14-840A-4255-BF22-453D622495B9}.Release|x64.ActiveCfg = Release|Any CPU
		{157E5D14-840A-4255-BF22-453D622495B9}.Release|x64.Build.0 = Release|Any CPU
		{157E5D14-840A-4255-BF22-453D622495B9}.Release|x86.ActiveCfg = Release|Any CPU
		{157E5D14-840A-4255-BF22-453D622495B9}.Release|x86.Build.0 = Release|Any CPU
	EndGlobalSection
EndGlobal
