
Microsoft Visual Studio Solution File, Format Version 12.00
# Visual Studio 15
VisualStudioVersion = 15.0.26124.0
MinimumVisualStudioVersion = 15.0.26124.0
Project("{F2A71F9B-5D33-465A-A702-920D77279786}") = "CS220", "CS220\CS220.fsproj", "{296861FF-10CF-4D25-854D-D9F00EE4277D}"
EndProject
Project("{F2A71F9B-5D33-465A-A702-920D77279786}") = "CS220A.Tests", "CS220A.Tests\CS220A.Tests.fsproj", "{DCB86807-23BA-44D1-B27F-B234F479DD1B}"
EndProject
Project("{F2A71F9B-5D33-465A-A702-920D77279786}") = "CS220B.Tests", "CS220B.Tests\CS220B.Tests.fsproj", "{E4BD704A-BFFE-4DF5-8D7B-8BEF905AC235}"
EndProject
Project("{F2A71F9B-5D33-465A-A702-920D77279786}") = "CS220C.Tests", "CS220C.Tests\CS220C.Tests.fsproj", "{417B123F-AB48-4928-949E-011766618AD5}"
EndProject
Global
	GlobalSection(SolutionConfigurationPlatforms) = preSolution
		Debug|Any CPU = Debug|Any CPU
		Debug|x64 = Debug|x64
		Debug|x86 = Debug|x86
		Release|Any CPU = Release|Any CPU
		Release|x64 = Release|x64
		Release|x86 = Release|x86
	EndGlobalSection
	GlobalSection(SolutionProperties) = preSolution
		HideSolutionNode = FALSE
	EndGlobalSection
	GlobalSection(ProjectConfigurationPlatforms) = postSolution
		{296861FF-10CF-4D25-854D-D9F00EE4277D}.Debug|Any CPU.ActiveCfg = Debug|Any CPU
		{296861FF-10CF-4D25-854D-D9F00EE4277D}.Debug|Any CPU.Build.0 = Debug|Any CPU
		{296861FF-10CF-4D25-854D-D9F00EE4277D}.Debug|x64.ActiveCfg = Debug|Any CPU
		{296861FF-10CF-4D25-854D-D9F00EE4277D}.Debug|x64.Build.0 = Debug|Any CPU
		{296861FF-10CF-4D25-854D-D9F00EE4277D}.Debug|x86.ActiveCfg = Debug|Any CPU
		{296861FF-10CF-4D25-854D-D9F00EE4277D}.Debug|x86.Build.0 = Debug|Any CPU
		{296861FF-10CF-4D25-854D-D9F00EE4277D}.Release|Any CPU.ActiveCfg = Release|Any CPU
		{296861FF-10CF-4D25-854D-D9F00EE4277D}.Release|Any CPU.Build.0 = Release|Any CPU
		{296861FF-10CF-4D25-854D-D9F00EE4277D}.Release|x64.ActiveCfg = Release|Any CPU
		{296861FF-10CF-4D25-854D-D9F00EE4277D}.Release|x64.Build.0 = Release|Any CPU
		{296861FF-10CF-4D25-854D-D9F00EE4277D}.Release|x86.ActiveCfg = Release|Any CPU
		{296861FF-10CF-4D25-854D-D9F00EE4277D}.Release|x86.Build.0 = Release|Any CPU
		{DCB86807-23BA-44D1-B27F-B234F479DD1B}.Debug|Any CPU.ActiveCfg = Debug|Any CPU
		{DCB86807-23BA-44D1-B27F-B234F479DD1B}.Debug|Any CPU.Build.0 = Debug|Any CPU
		{DCB86807-23BA-44D1-B27F-B234F479DD1B}.Debug|x64.ActiveCfg = Debug|Any CPU
		{DCB86807-23BA-44D1-B27F-B234F479DD1B}.Debug|x64.Build.0 = Debug|Any CPU
		{DCB86807-23BA-44D1-B27F-B234F479DD1B}.Debug|x86.ActiveCfg = Debug|Any CPU
		{DCB86807-23BA-44D1-B27F-B234F479DD1B}.Debug|x86.Build.0 = Debug|Any CPU
		{DCB86807-23BA-44D1-B27F-B234F479DD1B}.Release|Any CPU.ActiveCfg = Release|Any CPU
		{DCB86807-23BA-44D1-B27F-B234F479DD1B}.Release|Any CPU.Build.0 = Release|Any CPU
		{DCB86807-23BA-44D1-B27F-B234F479DD1B}.Release|x64.ActiveCfg = Release|Any CPU
		{DCB86807-23BA-44D1-B27F-B234F479DD1B}.Release|x64.Build.0 = Release|Any CPU
		{DCB86807-23BA-44D1-B27F-B234F479DD1B}.Release|x86.ActiveCfg = Release|Any CPU
		{DCB86807-23BA-44D1-B27F-B234F479DD1B}.Release|x86.Build.0 = Release|Any CPU
		{E4BD704A-BFFE-4DF5-8D7B-8BEF905AC235}.Debug|Any CPU.ActiveCfg = Debug|Any CPU
		{E4BD704A-BFFE-4DF5-8D7B-8BEF905AC235}.Debug|Any CPU.Build.0 = Debug|Any CPU
		{E4BD704A-BFFE-4DF5-8D7B-8BEF905AC235}.Debug|x64.ActiveCfg = Debug|Any CPU
		{E4BD704A-BFFE-4DF5-8D7B-8BEF905AC235}.Debug|x64.Build.0 = Debug|Any CPU
		{E4BD704A-BFFE-4DF5-8D7B-8BEF905AC235}.Debug|x86.ActiveCfg = Debug|Any CPU
		{E4BD704A-BFFE-4DF5-8D7B-8BEF905AC235}.Debug|x86.Build.0 = Debug|Any CPU
		{E4BD704A-BFFE-4DF5-8D7B-8BEF905AC235}.Release|Any CPU.ActiveCfg = Release|Any CPU
		{E4BD704A-BFFE-4DF5-8D7B-8BEF905AC235}.Release|Any CPU.Build.0 = Release|Any CPU
		{E4BD704A-BFFE-4DF5-8D7B-8BEF905AC235}.Release|x64.ActiveCfg = Release|Any CPU
		{E4BD704A-BFFE-4DF5-8D7B-8BEF905AC235}.Release|x64.Build.0 = Release|Any CPU
		{E4BD704A-BFFE-4DF5-8D7B-8BEF905AC235}.Release|x86.ActiveCfg = Release|Any CPU
		{E4BD704A-BFFE-4DF5-8D7B-8BEF905AC235}.Release|x86.Build.0 = Release|Any CPU
		{417B123F-AB48-4928-949E-011766618AD5}.Debug|Any CPU.ActiveCfg = Debug|Any CPU
		{417B123F-AB48-4928-949E-011766618AD5}.Debug|Any CPU.Build.0 = Debug|Any CPU
		{417B123F-AB48-4928-949E-011766618AD5}.Debug|x64.ActiveCfg = Debug|Any CPU
		{417B123F-AB48-4928-949E-011766618AD5}.Debug|x64.Build.0 = Debug|Any CPU
		{417B123F-AB48-4928-949E-011766618AD5}.Debug|x86.ActiveCfg = Debug|Any CPU
		{417B123F-AB48-4928-949E-011766618AD5}.Debug|x86.Build.0 = Debug|Any CPU
		{417B123F-AB48-4928-949E-011766618AD5}.Release|Any CPU.ActiveCfg = Release|Any CPU
		{417B123F-AB48-4928-949E-011766618AD5}.Release|Any CPU.Build.0 = Release|Any CPU
		{417B123F-AB48-4928-949E-011766618AD5}.Release|x64.ActiveCfg = Release|Any CPU
		{417B123F-AB48-4928-949E-011766618AD5}.Release|x64.Build.0 = Release|Any CPU
		{417B123F-AB48-4928-949E-011766618AD5}.Release|x86.ActiveCfg = Release|Any CPU
		{417B123F-AB48-4928-949E-011766618AD5}.Release|x86.Build.0 = Release|Any CPU
	EndGlobalSection
EndGlobal
